
Microsoft Visual Studio Solution File, Format Version 12.00
# Visual Studio Version 16
VisualStudioVersion = 16.0.30503.244
MinimumVisualStudioVersion = 10.0.40219.1
Project("{FAE04EC0-301F-11D3-BF4B-00C04F79EFBC}") = "OnboardingTask", "OnboardingTask\OnboardingTask.csproj", "{C600ACF9-FB4E-4DBB-9477-EAB21262776B}"
EndProject
Global
	GlobalSection(SolutionConfigurationPlatforms) = preSolution
		Debug|Any CPU = Debug|Any CPU
		Release|Any CPU = Release|Any CPU
	EndGlobalSection
	GlobalSection(ProjectConfigurationPlatforms) = postSolution
		{C600ACF9-FB4E-4DBB-9477-EAB21262776B}.Debug|Any CPU.ActiveCfg = Debug|Any CPU
		{C600ACF9-FB4E-4DBB-9477-EAB21262776B}.Debug|Any CPU.Build.0 = Debug|Any CPU
		{C600ACF9-FB4E-4DBB-9477-EAB21262776B}.Release|Any CPU.ActiveCfg = Release|Any CPU
		{C600ACF9-FB4E-4DBB-9477-EAB21262776B}.Release|Any CPU.Build.0 = Release|Any CPU
	EndGlobalSection
	GlobalSection(SolutionProperties) = preSolution
		HideSolutionNode = FALSE
	EndGlobalSection
	GlobalSection(ExtensibilityGlobals) = postSolution
		SolutionGuid = {57A8E6D5-9361-4139-888E-ED3986D7691F}
	EndGlobalSection
EndGlobal
